
Microsoft Visual Studio Solution File, Format Version 12.00
Project("{FAE04EC0-301F-11D3-BF4B-00C04F79EFBC}") = "Initial project", "Initial project\Initial project.csproj", "{F3FEE9C3-37FC-44E0-B2DB-B9220328C6BE}"
EndProject
Global
	GlobalSection(SolutionConfigurationPlatforms) = preSolution
		Debug|Any CPU = Debug|Any CPU
		Release|Any CPU = Release|Any CPU
	EndGlobalSection
	GlobalSection(ProjectConfigurationPlatforms) = postSolution
		{F3FEE9C3-37FC-44E0-B2DB-B9220328C6BE}.Debug|Any CPU.ActiveCfg = Debug|Any CPU
		{F3FEE9C3-37FC-44E0-B2DB-B9220328C6BE}.Debug|Any CPU.Build.0 = Debug|Any CPU
		{F3FEE9C3-37FC-44E0-B2DB-B9220328C6BE}.Release|Any CPU.ActiveCfg = Release|Any CPU
		{F3FEE9C3-37FC-44E0-B2DB-B9220328C6BE}.Release|Any CPU.Build.0 = Release|Any CPU
	EndGlobalSection
EndGlobal
